// !$*UTF8*$!
{
	archiveVersion = 1;
	classes = {
	};
	objectVersion = 56;
	objects = {

/* Begin PBXBuildFile section */
		C010E7982B8679B200F4A52C /* AppDelegate.swift in Sources */ = {isa = PBXBuildFile; fileRef = C010E7972B8679B200F4A52C /* AppDelegate.swift */; };
		C010E79A2B8679B200F4A52C /* SceneDelegate.swift in Sources */ = {isa = PBXBuildFile; fileRef = C010E7992B8679B200F4A52C /* SceneDelegate.swift */; };
		C010E79C2B8679B200F4A52C /* ViewController.swift in Sources */ = {isa = PBXBuildFile; fileRef = C010E79B2B8679B200F4A52C /* ViewController.swift */; };
		C010E79F2B8679B200F4A52C /* Main.storyboard in Resources */ = {isa = PBXBuildFile; fileRef = C010E79D2B8679B200F4A52C /* Main.storyboard */; };
		C010E7A12B8679B300F4A52C /* Assets.xcassets in Resources */ = {isa = PBXBuildFile; fileRef = C010E7A02B8679B300F4A52C /* Assets.xcassets */; };
		C010E7A42B8679B300F4A52C /* LaunchScreen.storyboard in Resources */ = {isa = PBXBuildFile; fileRef = C010E7A22B8679B300F4A52C /* LaunchScreen.storyboard */; };
		C010E7AC2B867D2500F4A52C /* CatDogModel.mlmodel in Sources */ = {isa = PBXBuildFile; fileRef = C010E7AB2B867D2500F4A52C /* CatDogModel.mlmodel */; };
/* End PBXBuildFile section */

/* Begin PBXFileReference section */
		C010E7942B8679B200F4A52C /* CatDogIdentifierDemo.app */ = {isa = PBXFileReference; explicitFileType = wrapper.application; includeInIndex = 0; path = CatDogIdentifierDemo.app; sourceTree = BUILT_PRODUCTS_DIR; };
		C010E7972B8679B200F4A52C /* AppDelegate.swift */ = {isa = PBXFileReference; lastKnownFileType = sourcecode.swift; path = AppDelegate.swift; sourceTree = "<group>"; };
		C010E7992B8679B200F4A52C /* SceneDelegate.swift */ = {isa = PBXFileReference; lastKnownFileType = sourcecode.swift; path = SceneDelegate.swift; sourceTree = "<group>"; };
		C010E79B2B8679B200F4A52C /* ViewController.swift */ = {isa = PBXFileReference; lastKnownFileType = sourcecode.swift; path = ViewController.swift; sourceTree = "<group>"; };
		C010E79E2B8679B200F4A52C /* Base */ = {isa = PBXFileReference; lastKnownFileType = file.storyboard; name = Base; path = Base.lproj/Main.storyboard; sourceTree = "<group>"; };
		C010E7A02B8679B300F4A52C /* Assets.xcassets */ = {isa = PBXFileReference; lastKnownFileType = folder.assetcatalog; path = Assets.xcassets; sourceTree = "<group>"; };
		C010E7A32B8679B300F4A52C /* Base */ = {isa = PBXFileReference; lastKnownFileType = file.storyboard; name = Base; path = Base.lproj/LaunchScreen.storyboard; sourceTree = "<group>"; };
		C010E7A52B8679B300F4A52C /* Info.plist */ = {isa = PBXFileReference; lastKnownFileType = text.plist.xml; path = Info.plist; sourceTree = "<group>"; };
		C010E7AB2B867D2500F4A52C /* CatDogModel.mlmodel */ = {isa = PBXFileReference; lastKnownFileType = file.mlmodel; path = CatDogModel.mlmodel; sourceTree = "<group>"; };
/* End PBXFileReference section */

/* Begin PBXFrameworksBuildPhase section */
		C010E7912B8679B200F4A52C /* Frameworks */ = {
			isa = PBXFrameworksBuildPhase;
			buildActionMask = 2147483647;
			files = (
			);
			runOnlyForDeploymentPostprocessing = 0;
		};
/* End PBXFrameworksBuildPhase section */

/* Begin PBXGroup section */
		C010E78B2B8679B200F4A52C = {
			isa = PBXGroup;
			children = (
				C010E7962B8679B200F4A52C /* CatDogIdentifierDemo */,
				C010E7952B8679B200F4A52C /* Products */,
			);
			sourceTree = "<group>";
		};
		C010E7952B8679B200F4A52C /* Products */ = {
			isa = PBXGroup;
			children = (
				C010E7942B8679B200F4A52C /* CatDogIdentifierDemo.app */,
			);
			name = Products;
			sourceTree = "<group>";
		};
		C010E7962B8679B200F4A52C /* CatDogIdentifierDemo */ = {
			isa = PBXGroup;
			children = (
				C010E7AB2B867D2500F4A52C /* CatDogModel.mlmodel */,
				C010E7972B8679B200F4A52C /* AppDelegate.swift */,
				C010E7992B8679B200F4A52C /* SceneDelegate.swift */,
				C010E79B2B8679B200F4A52C /* ViewController.swift */,
				C010E79D2B8679B200F4A52C /* Main.storyboard */,
				C010E7A02B8679B300F4A52C /* Assets.xcassets */,
				C010E7A22B8679B300F4A52C /* LaunchScreen.storyboard */,
				C010E7A52B8679B300F4A52C /* Info.plist */,
			);
			path = CatDogIdentifierDemo;
			sourceTree = "<group>";
		};
/* End PBXGroup section */

/* Begin PBXNativeTarget section */
		C010E7932B8679B200F4A52C /* CatDogIdentifierDemo */ = {
			isa = PBXNativeTarget;
			buildConfigurationList = C010E7A82B8679B300F4A52C /* Build configuration list for PBXNativeTarget "CatDogIdentifierDemo" */;
			buildPhases = (
				C010E7902B8679B200F4A52C /* Sources */,
				C010E7912B8679B200F4A52C /* Frameworks */,
				C010E7922B8679B200F4A52C /* Resources */,
			);
			buildRules = (
			);
			dependencies = (
			);
			name = CatDogIdentifierDemo;
			productName = CatDogIdentifierDemo;
			productReference = C010E7942B8679B200F4A52C /* CatDogIdentifierDemo.app */;
			productType = "com.apple.product-type.application";
		};
/* End PBXNativeTarget section */

/* Begin PBXProject section */
		C010E78C2B8679B200F4A52C /* Project object */ = {
			isa = PBXProject;
			attributes = {
				BuildIndependentTargetsInParallel = 1;
				LastSwiftUpdateCheck = 1500;
				LastUpgradeCheck = 1500;
				TargetAttributes = {
					C010E7932B8679B200F4A52C = {
						CreatedOnToolsVersion = 15.0.1;
					};
				};
			};
			buildConfigurationList = C010E78F2B8679B200F4A52C /* Build configuration list for PBXProject "CatDogIdentifierDemo" */;
			compatibilityVersion = "Xcode 14.0";
			developmentRegion = en;
			hasScannedForEncodings = 0;
			knownRegions = (
				en,
				Base,
			);
			mainGroup = C010E78B2B8679B200F4A52C;
			productRefGroup = C010E7952B8679B200F4A52C /* Products */;
			projectDirPath = "";
			projectRoot = "";
			targets = (
				C010E7932B8679B200F4A52C /* CatDogIdentifierDemo */,
			);
		};
/* End PBXProject section */

/* Begin PBXResourcesBuildPhase section */
		C010E7922B8679B200F4A52C /* Resources */ = {
			isa = PBXResourcesBuildPhase;
			buildActionMask = 2147483647;
			files = (
				C010E7A42B8679B300F4A52C /* LaunchScreen.storyboard in Resources */,
				C010E7A12B8679B300F4A52C /* Assets.xcassets in Resources */,
				C010E79F2B8679B200F4A52C /* Main.storyboard in Resources */,
			);
			runOnlyForDeploymentPostprocessing = 0;
		};
/* End PBXResourcesBuildPhase section */

/* Begin PBXSourcesBuildPhase section */
		C010E7902B8679B200F4A52C /* Sources */ = {
			isa = PBXSourcesBuildPhase;
			buildActionMask = 2147483647;
			files = (
				C010E79C2B8679B200F4A52C /* ViewController.swift in Sources */,
				C010E7982B8679B200F4A52C /* AppDelegate.swift in Sources */,
				C010E7AC2B867D2500F4A52C /* CatDogModel.mlmodel in Sources */,
				C010E79A2B8679B200F4A52C /* SceneDelegate.swift in Sources */,
			);
			runOnlyForDeploymentPostprocessing = 0;
		};
/* End PBXSourcesBuildPhase section */

/* Begin PBXVariantGroup section */
		C010E79D2B8679B200F4A52C /* Main.storyboard */ = {
			isa = PBXVariantGroup;
			children = (
				C010E79E2B8679B200F4A52C /* Base */,
			);
			name = Main.storyboard;
			sourceTree = "<group>";
		};
		C010E7A22B8679B300F4A52C /* LaunchScreen.storyboard */ = {
			isa = PBXVariantGroup;
			children = (
				C010E7A32B8679B300F4A52C /* Base */,
			);
			name = LaunchScreen.storyboard;
			sourceTree = "<group>";
		};
/* End PBXVariantGroup section */

/* Begin XCBuildConfiguration section */
		C010E7A62B8679B300F4A52C /* Debug */ = {
			isa = XCBuildConfiguration;
			buildSettings = {
				ALWAYS_SEARCH_USER_PATHS = NO;
				ASSETCATALOG_COMPILER_GENERATE_SWIFT_ASSET_SYMBOL_EXTENSIONS = YES;
				CLANG_ANALYZER_NONNULL = YES;
				CLANG_ANALYZER_NUMBER_OBJECT_CONVERSION = YES_AGGRESSIVE;
				CLANG_CXX_LANGUAGE_STANDARD = "gnu++20";
				CLANG_ENABLE_MODULES = YES;
				CLANG_ENABLE_OBJC_ARC = YES;
				CLANG_ENABLE_OBJC_WEAK = YES;
				CLANG_WARN_BLOCK_CAPTURE_AUTORELEASING = YES;
				CLANG_WARN_BOOL_CONVERSION = YES;
				CLANG_WARN_COMMA = YES;
				CLANG_WARN_CONSTANT_CONVERSION = YES;
				CLANG_WARN_DEPRECATED_OBJC_IMPLEMENTATIONS = YES;
				CLANG_WARN_DIRECT_OBJC_ISA_USAGE = YES_ERROR;
				CLANG_WARN_DOCUMENTATION_COMMENTS = YES;
				CLANG_WARN_EMPTY_BODY = YES;
				CLANG_WARN_ENUM_CONVERSION = YES;
				CLANG_WARN_INFINITE_RECURSION = YES;
				CLANG_WARN_INT_CONVERSION = YES;
				CLANG_WARN_NON_LITERAL_NULL_CONVERSION = YES;
				CLANG_WARN_OBJC_IMPLICIT_RETAIN_SELF = YES;
				CLANG_WARN_OBJC_LITERAL_CONVERSION = YES;
				CLANG_WARN_OBJC_ROOT_CLASS = YES_ERROR;
				CLANG_WARN_QUOTED_INCLUDE_IN_FRAMEWORK_HEADER = YES;
				CLANG_WARN_RANGE_LOOP_ANALYSIS = YES;
				CLANG_WARN_STRICT_PROTOTYPES = YES;
				CLANG_WARN_SUSPICIOUS_MOVE = YES;
				CLANG_WARN_UNGUARDED_AVAILABILITY = YES_AGGRESSIVE;
				CLANG_WARN_UNREACHABLE_CODE = YES;
				CLANG_WARN__DUPLICATE_METHOD_MATCH = YES;
				COPY_PHASE_STRIP = NO;
				DEBUG_INFORMATION_FORMAT = dwarf;
				ENABLE_STRICT_OBJC_MSGSEND = YES;
				ENABLE_TESTABILITY = YES;
				ENABLE_USER_SCRIPT_SANDBOXING = YES;
				GCC_C_LANGUAGE_STANDARD = gnu17;
				GCC_DYNAMIC_NO_PIC = NO;
				GCC_NO_COMMON_BLOCKS = YES;
				GCC_OPTIMIZATION_LEVEL = 0;
				GCC_PREPROCESSOR_DEFINITIONS = (
					"DEBUG=1",
					"$(inherited)",
				);
				GCC_WARN_64_TO_32_BIT_CONVERSION = YES;
				GCC_WARN_ABOUT_RETURN_TYPE = YES_ERROR;
				GCC_WARN_UNDECLARED_SELECTOR = YES;
				GCC_WARN_UNINITIALIZED_AUTOS = YES_AGGRESSIVE;
				GCC_WARN_UNUSED_FUNCTION = YES;
				GCC_WARN_UNUSED_VARIABLE = YES;
				IPHONEOS_DEPLOYMENT_TARGET = 17.0;
				LOCALIZATION_PREFERS_STRING_CATALOGS = YES;
				MTL_ENABLE_DEBUG_INFO = INCLUDE_SOURCE;
				MTL_FAST_MATH = YES;
				ONLY_ACTIVE_ARCH = YES;
				SDKROOT = iphoneos;
				SWIFT_ACTIVE_COMPILATION_CONDITIONS = "DEBUG $(inherited)";
				SWIFT_OPTIMIZATION_LEVEL = "-Onone";
			};
			name = Debug;
		};
		C010E7A72B8679B300F4A52C /* Release */ = {
			isa = XCBuildConfiguration;
			buildSettings = {
				ALWAYS_SEARCH_USER_PATHS = NO;
				ASSETCATALOG_COMPILER_GENERATE_SWIFT_ASSET_SYMBOL_EXTENSIONS = YES;
				CLANG_ANALYZER_NONNULL = YES;
				CLANG_ANALYZER_NUMBER_OBJECT_CONVERSION = YES_AGGRESSIVE;
				CLANG_CXX_LANGUAGE_STANDARD = "gnu++20";
				CLANG_ENABLE_MODULES = YES;
				CLANG_ENABLE_OBJC_ARC = YES;
				CLANG_ENABLE_OBJC_WEAK = YES;
				CLANG_WARN_BLOCK_CAPTURE_AUTORELEASING = YES;
				CLANG_WARN_BOOL_CONVERSION = YES;
				CLANG_WARN_COMMA = YES;
				CLANG_WARN_CONSTANT_CONVERSION = YES;
				CLANG_WARN_DEPRECATED_OBJC_IMPLEMENTATIONS = YES;
				CLANG_WARN_DIRECT_OBJC_ISA_USAGE = YES_ERROR;
				CLANG_WARN_DOCUMENTATION_COMMENTS = YES;
				CLANG_WARN_EMPTY_BODY = YES;
				CLANG_WARN_ENUM_CONVERSION = YES;
				CLANG_WARN_INFINITE_RECURSION = YES;
				CLANG_WARN_INT_CONVERSION = YES;
				CLANG_WARN_NON_LITERAL_NULL_CONVERSION = YES;
				CLANG_WARN_OBJC_IMPLICIT_RETAIN_SELF = YES;
				CLANG_WARN_OBJC_LITERAL_CONVERSION = YES;
				CLANG_WARN_OBJC_ROOT_CLASS = YES_ERROR;
				CLANG_WARN_QUOTED_INCLUDE_IN_FRAMEWORK_HEADER = YES;
				CLANG_WARN_RANGE_LOOP_ANALYSIS = YES;
				CLANG_WARN_STRICT_PROTOTYPES = YES;
				CLANG_WARN_SUSPICIOUS_MOVE = YES;
				CLANG_WARN_UNGUARDED_AVAILABILITY = YES_AGGRESSIVE;
				CLANG_WARN_UNREACHABLE_CODE = YES;
				CLANG_WARN__DUPLICATE_METHOD_MATCH = YES;
				COPY_PHASE_STRIP = NO;
				DEBUG_INFORMATION_FORMAT = "dwarf-with-dsym";
				ENABLE_NS_ASSERTIONS = NO;
				ENABLE_STRICT_OBJC_MSGSEND = YES;
				ENABLE_USER_SCRIPT_SANDBOXING = YES;
				GCC_C_LANGUAGE_STANDARD = gnu17;
				GCC_NO_COMMON_BLOCKS = YES;
				GCC_WARN_64_TO_32_BIT_CONVERSION = YES;
				GCC_WARN_ABOUT_RETURN_TYPE = YES_ERROR;
				GCC_WARN_UNDECLARED_SELECTOR = YES;
				GCC_WARN_UNINITIALIZED_AUTOS = YES_AGGRESSIVE;
				GCC_WARN_UNUSED_FUNCTION = YES;
				GCC_WARN_UNUSED_VARIABLE = YES;
				IPHONEOS_DEPLOYMENT_TARGET = 17.0;
				LOCALIZATION_PREFERS_STRING_CATALOGS = YES;
				MTL_ENABLE_DEBUG_INFO = NO;
				MTL_FAST_MATH = YES;
				SDKROOT = iphoneos;
				SWIFT_COMPILATION_MODE = wholemodule;
				VALIDATE_PRODUCT = YES;
			};
			name = Release;
		};
		C010E7A92B8679B300F4A52C /* Debug */ = {
			isa = XCBuildConfiguration;
			buildSettings = {
				ASSETCATALOG_COMPILER_APPICON_NAME = AppIcon;
				ASSETCATALOG_COMPILER_GLOBAL_ACCENT_COLOR_NAME = AccentColor;
				CODE_SIGN_STYLE = Automatic;
				CURRENT_PROJECT_VERSION = 1;
				DEVELOPMENT_TEAM = SJYF62B3PZ;
				GENERATE_INFOPLIST_FILE = YES;
				INFOPLIST_FILE = CatDogIdentifierDemo/Info.plist;
				INFOPLIST_KEY_NSCameraUsageDescription = "permite a camera ai pae";
				INFOPLIST_KEY_UIApplicationSupportsIndirectInputEvents = YES;
				INFOPLIST_KEY_UILaunchStoryboardName = LaunchScreen;
				INFOPLIST_KEY_UIMainStoryboardFile = Main;
				INFOPLIST_KEY_UISupportedInterfaceOrientations_iPad = "UIInterfaceOrientationPortrait UIInterfaceOrientationPortraitUpsideDown UIInterfaceOrientationLandscapeLeft UIInterfaceOrientationLandscapeRight";
				INFOPLIST_KEY_UISupportedInterfaceOrientations_iPhone = "UIInterfaceOrientationPortrait UIInterfaceOrientationLandscapeLeft UIInterfaceOrientationLandscapeRight";
				LD_RUNPATH_SEARCH_PATHS = (
					"$(inherited)",
					"@executable_path/Frameworks",
				);
				MARKETING_VERSION = 1.0;
				PRODUCT_BUNDLE_IDENTIFIER = Andre.CatDogIdentifierDemo;
				PRODUCT_NAME = "$(TARGET_NAME)";
				SWIFT_EMIT_LOC_STRINGS = YES;
				SWIFT_VERSION = 5.0;
				TARGETED_DEVICE_FAMILY = "1,2";
			};
			name = Debug;
		};
		C010E7AA2B8679B300F4A52C /* Release */ = {
			isa = XCBuildConfiguration;
			buildSettings = {
				ASSETCATALOG_COMPILER_APPICON_NAME = AppIcon;
				ASSETCATALOG_COMPILER_GLOBAL_ACCENT_COLOR_NAME = AccentColor;
				CODE_SIGN_STYLE = Automatic;
				CURRENT_PROJECT_VERSION = 1;
				DEVELOPMENT_TEAM = SJYF62B3PZ;
				GENERATE_INFOPLIST_FILE = YES;
				INFOPLIST_FILE = CatDogIdentifierDemo/Info.plist;
				INFOPLIST_KEY_NSCameraUsageDescription = "permite a camera ai pae";
				INFOPLIST_KEY_UIApplicationSupportsIndirectInputEvents = YES;
				INFOPLIST_KEY_UILaunchStoryboardName = LaunchScreen;
				INFOPLIST_KEY_UIMainStoryboardFile = Main;
				INFOPLIST_KEY_UISupportedInterfaceOrientations_iPad = "UIInterfaceOrientationPortrait UIInterfaceOrientationPortraitUpsideDown UIInterfaceOrientationLandscapeLeft UIInterfaceOrientationLandscapeRight";
				INFOPLIST_KEY_UISupportedInterfaceOrientations_iPhone = "UIInterfaceOrientationPortrait UIInterfaceOrientationLandscapeLeft UIInterfaceOrientationLandscapeRight";
				LD_RUNPATH_SEARCH_PATHS = (
					"$(inherited)",
					"@executable_path/Frameworks",
				);
				MARKETING_VERSION = 1.0;
				PRODUCT_BUNDLE_IDENTIFIER = Andre.CatDogIdentifierDemo;
				PRODUCT_NAME = "$(TARGET_NAME)";
				SWIFT_EMIT_LOC_STRINGS = YES;
				SWIFT_VERSION = 5.0;
				TARGETED_DEVICE_FAMILY = "1,2";
			};
			name = Release;
		};
/* End XCBuildConfiguration section */

/* Begin XCConfigurationList section */
		C010E78F2B8679B200F4A52C /* Build configuration list for PBXProject "CatDogIdentifierDemo" */ = {
			isa = XCConfigurationList;
			buildConfigurations = (
				C010E7A62B8679B300F4A52C /* Debug */,
				C010E7A72B8679B300F4A52C /* Release */,
			);
			defaultConfigurationIsVisible = 0;
			defaultConfigurationName = Release;
		};
		C010E7A82B8679B300F4A52C /* Build configuration list for PBXNativeTarget "CatDogIdentifierDemo" */ = {
			isa = XCConfigurationList;
			buildConfigurations = (
				C010E7A92B8679B300F4A52C /* Debug */,
				C010E7AA2B8679B300F4A52C /* Release */,
			);
			defaultConfigurationIsVisible = 0;
			defaultConfigurationName = Release;
		};
/* End XCConfigurationList section */
	};
	rootObject = C010E78C2B8679B200F4A52C /* Project object */;
}
